// !$*UTF8*$!
{
	archiveVersion = 1;
	classes = {
	};
	objectVersion = 48;
	objects = {

/* Begin PBXBuildFile section */
		782A0804C5484FD703A905AC /* Pods_AJPlusOCR.framework in Frameworks */ = {isa = PBXBuildFile; fileRef = 9079C648A77E6FD66E014999 /* Pods_AJPlusOCR.framework */; };
		B6C39EB1DFDD2938509B2282 /* Pods_AJPlusOCRTests.framework in Frameworks */ = {isa = PBXBuildFile; fileRef = 4E7163055B124F1545DC9718 /* Pods_AJPlusOCRTests.framework */; };
		C185987C2006FF1C00A4AA63 /* AppDelegate.swift in Sources */ = {isa = PBXBuildFile; fileRef = C185987B2006FF1C00A4AA63 /* AppDelegate.swift */; };
		C18598832006FF1C00A4AA63 /* Assets.xcassets in Resources */ = {isa = PBXBuildFile; fileRef = C18598822006FF1C00A4AA63 /* Assets.xcassets */; };
		C18598862006FF1C00A4AA63 /* LaunchScreen.storyboard in Resources */ = {isa = PBXBuildFile; fileRef = C18598842006FF1C00A4AA63 /* LaunchScreen.storyboard */; };
		C18598912006FF1C00A4AA63 /* AJPlusOCRTests.swift in Sources */ = {isa = PBXBuildFile; fileRef = C18598902006FF1C00A4AA63 /* AJPlusOCRTests.swift */; };
		C185989C2006FF1C00A4AA63 /* AJPlusOCRUITests.swift in Sources */ = {isa = PBXBuildFile; fileRef = C185989B2006FF1C00A4AA63 /* AJPlusOCRUITests.swift */; };
		C1AA019920087F4500039585 /* BaseViewController.swift in Sources */ = {isa = PBXBuildFile; fileRef = C1AA019820087F4500039585 /* BaseViewController.swift */; };
		C1AA019B20087F6000039585 /* BaseView.swift in Sources */ = {isa = PBXBuildFile; fileRef = C1AA019A20087F6000039585 /* BaseView.swift */; };
		C1AA01A020089FF800039585 /* LoginViewController.swift in Sources */ = {isa = PBXBuildFile; fileRef = C1AA019F20089FF800039585 /* LoginViewController.swift */; };
		DAB3C4BBE0668D1FEB972A37 /* Pods_AJPlusOCRUITests.framework in Frameworks */ = {isa = PBXBuildFile; fileRef = 26B3806A977533C34502E785 /* Pods_AJPlusOCRUITests.framework */; };
/* End PBXBuildFile section */

/* Begin PBXContainerItemProxy section */
		C185988D2006FF1C00A4AA63 /* PBXContainerItemProxy */ = {
			isa = PBXContainerItemProxy;
			containerPortal = C18598702006FF1C00A4AA63 /* Project object */;
			proxyType = 1;
			remoteGlobalIDString = C18598772006FF1C00A4AA63;
			remoteInfo = AJPlusOCR;
		};
		C18598982006FF1C00A4AA63 /* PBXContainerItemProxy */ = {
			isa = PBXContainerItemProxy;
			containerPortal = C18598702006FF1C00A4AA63 /* Project object */;
			proxyType = 1;
			remoteGlobalIDString = C18598772006FF1C00A4AA63;
			remoteInfo = AJPlusOCR;
		};
/* End PBXContainerItemProxy section */

/* Begin PBXFileReference section */
		201E4308A20B583E58BBE2A8 /* Pods-AJPlusOCR.release.xcconfig */ = {isa = PBXFileReference; includeInIndex = 1; lastKnownFileType = text.xcconfig; name = "Pods-AJPlusOCR.release.xcconfig"; path = "Pods/Target Support Files/Pods-AJPlusOCR/Pods-AJPlusOCR.release.xcconfig"; sourceTree = "<group>"; };
		26B3806A977533C34502E785 /* Pods_AJPlusOCRUITests.framework */ = {isa = PBXFileReference; explicitFileType = wrapper.framework; includeInIndex = 0; path = Pods_AJPlusOCRUITests.framework; sourceTree = BUILT_PRODUCTS_DIR; };
		4E7163055B124F1545DC9718 /* Pods_AJPlusOCRTests.framework */ = {isa = PBXFileReference; explicitFileType = wrapper.framework; includeInIndex = 0; path = Pods_AJPlusOCRTests.framework; sourceTree = BUILT_PRODUCTS_DIR; };
		8F095C68C9972401AB41612F /* Pods-AJPlusOCR.debug.xcconfig */ = {isa = PBXFileReference; includeInIndex = 1; lastKnownFileType = text.xcconfig; name = "Pods-AJPlusOCR.debug.xcconfig"; path = "Pods/Target Support Files/Pods-AJPlusOCR/Pods-AJPlusOCR.debug.xcconfig"; sourceTree = "<group>"; };
		9079C648A77E6FD66E014999 /* Pods_AJPlusOCR.framework */ = {isa = PBXFileReference; explicitFileType = wrapper.framework; includeInIndex = 0; path = Pods_AJPlusOCR.framework; sourceTree = BUILT_PRODUCTS_DIR; };
		A0E93FD6915A6364F9077083 /* Pods-AJPlusOCRTests.debug.xcconfig */ = {isa = PBXFileReference; includeInIndex = 1; lastKnownFileType = text.xcconfig; name = "Pods-AJPlusOCRTests.debug.xcconfig"; path = "Pods/Target Support Files/Pods-AJPlusOCRTests/Pods-AJPlusOCRTests.debug.xcconfig"; sourceTree = "<group>"; };
		A14D6D68D2A04E683B4A396E /* Pods-AJPlusOCRTests.release.xcconfig */ = {isa = PBXFileReference; includeInIndex = 1; lastKnownFileType = text.xcconfig; name = "Pods-AJPlusOCRTests.release.xcconfig"; path = "Pods/Target Support Files/Pods-AJPlusOCRTests/Pods-AJPlusOCRTests.release.xcconfig"; sourceTree = "<group>"; };
		C18598782006FF1C00A4AA63 /* AJPlusOCR.app */ = {isa = PBXFileReference; explicitFileType = wrapper.application; includeInIndex = 0; path = AJPlusOCR.app; sourceTree = BUILT_PRODUCTS_DIR; };
		C185987B2006FF1C00A4AA63 /* AppDelegate.swift */ = {isa = PBXFileReference; lastKnownFileType = sourcecode.swift; path = AppDelegate.swift; sourceTree = "<group>"; };
		C18598822006FF1C00A4AA63 /* Assets.xcassets */ = {isa = PBXFileReference; lastKnownFileType = folder.assetcatalog; path = Assets.xcassets; sourceTree = "<group>"; };
		C18598852006FF1C00A4AA63 /* Base */ = {isa = PBXFileReference; lastKnownFileType = file.storyboard; name = Base; path = Base.lproj/LaunchScreen.storyboard; sourceTree = "<group>"; };
		C18598872006FF1C00A4AA63 /* Info.plist */ = {isa = PBXFileReference; lastKnownFileType = text.plist.xml; path = Info.plist; sourceTree = "<group>"; };
		C185988C2006FF1C00A4AA63 /* AJPlusOCRTests.xctest */ = {isa = PBXFileReference; explicitFileType = wrapper.cfbundle; includeInIndex = 0; path = AJPlusOCRTests.xctest; sourceTree = BUILT_PRODUCTS_DIR; };
		C18598902006FF1C00A4AA63 /* AJPlusOCRTests.swift */ = {isa = PBXFileReference; lastKnownFileType = sourcecode.swift; path = AJPlusOCRTests.swift; sourceTree = "<group>"; };
		C18598922006FF1C00A4AA63 /* Info.plist */ = {isa = PBXFileReference; lastKnownFileType = text.plist.xml; path = Info.plist; sourceTree = "<group>"; };
		C18598972006FF1C00A4AA63 /* AJPlusOCRUITests.xctest */ = {isa = PBXFileReference; explicitFileType = wrapper.cfbundle; includeInIndex = 0; path = AJPlusOCRUITests.xctest; sourceTree = BUILT_PRODUCTS_DIR; };
		C185989B2006FF1C00A4AA63 /* AJPlusOCRUITests.swift */ = {isa = PBXFileReference; lastKnownFileType = sourcecode.swift; path = AJPlusOCRUITests.swift; sourceTree = "<group>"; };
		C185989D2006FF1C00A4AA63 /* Info.plist */ = {isa = PBXFileReference; lastKnownFileType = text.plist.xml; path = Info.plist; sourceTree = "<group>"; };
		C1AA019820087F4500039585 /* BaseViewController.swift */ = {isa = PBXFileReference; lastKnownFileType = sourcecode.swift; path = BaseViewController.swift; sourceTree = "<group>"; };
		C1AA019A20087F6000039585 /* BaseView.swift */ = {isa = PBXFileReference; lastKnownFileType = sourcecode.swift; path = BaseView.swift; sourceTree = "<group>"; };
		C1AA019F20089FF800039585 /* LoginViewController.swift */ = {isa = PBXFileReference; lastKnownFileType = sourcecode.swift; path = LoginViewController.swift; sourceTree = "<group>"; };
		E9C5382FD6130C4ECACD11EA /* Pods-AJPlusOCRUITests.release.xcconfig */ = {isa = PBXFileReference; includeInIndex = 1; lastKnownFileType = text.xcconfig; name = "Pods-AJPlusOCRUITests.release.xcconfig"; path = "Pods/Target Support Files/Pods-AJPlusOCRUITests/Pods-AJPlusOCRUITests.release.xcconfig"; sourceTree = "<group>"; };
		FF1CC8C48AD017162DDA21C7 /* Pods-AJPlusOCRUITests.debug.xcconfig */ = {isa = PBXFileReference; includeInIndex = 1; lastKnownFileType = text.xcconfig; name = "Pods-AJPlusOCRUITests.debug.xcconfig"; path = "Pods/Target Support Files/Pods-AJPlusOCRUITests/Pods-AJPlusOCRUITests.debug.xcconfig"; sourceTree = "<group>"; };
/* End PBXFileReference section */

/* Begin PBXFrameworksBuildPhase section */
		C18598752006FF1C00A4AA63 /* Frameworks */ = {
			isa = PBXFrameworksBuildPhase;
			buildActionMask = 2147483647;
			files = (
				782A0804C5484FD703A905AC /* Pods_AJPlusOCR.framework in Frameworks */,
			);
			runOnlyForDeploymentPostprocessing = 0;
		};
		C18598892006FF1C00A4AA63 /* Frameworks */ = {
			isa = PBXFrameworksBuildPhase;
			buildActionMask = 2147483647;
			files = (
				B6C39EB1DFDD2938509B2282 /* Pods_AJPlusOCRTests.framework in Frameworks */,
			);
			runOnlyForDeploymentPostprocessing = 0;
		};
		C18598942006FF1C00A4AA63 /* Frameworks */ = {
			isa = PBXFrameworksBuildPhase;
			buildActionMask = 2147483647;
			files = (
				DAB3C4BBE0668D1FEB972A37 /* Pods_AJPlusOCRUITests.framework in Frameworks */,
			);
			runOnlyForDeploymentPostprocessing = 0;
		};
/* End PBXFrameworksBuildPhase section */

/* Begin PBXGroup section */
		4E3FBD7713E82726E3670613 /* Pods */ = {
			isa = PBXGroup;
			children = (
				8F095C68C9972401AB41612F /* Pods-AJPlusOCR.debug.xcconfig */,
				201E4308A20B583E58BBE2A8 /* Pods-AJPlusOCR.release.xcconfig */,
				A0E93FD6915A6364F9077083 /* Pods-AJPlusOCRTests.debug.xcconfig */,
				A14D6D68D2A04E683B4A396E /* Pods-AJPlusOCRTests.release.xcconfig */,
				FF1CC8C48AD017162DDA21C7 /* Pods-AJPlusOCRUITests.debug.xcconfig */,
				E9C5382FD6130C4ECACD11EA /* Pods-AJPlusOCRUITests.release.xcconfig */,
			);
			name = Pods;
			sourceTree = "<group>";
		};
		C185986F2006FF1C00A4AA63 = {
			isa = PBXGroup;
			children = (
				C185987A2006FF1C00A4AA63 /* AJPlusOCR */,
				C185988F2006FF1C00A4AA63 /* AJPlusOCRTests */,
				C185989A2006FF1C00A4AA63 /* AJPlusOCRUITests */,
				C18598792006FF1C00A4AA63 /* Products */,
				4E3FBD7713E82726E3670613 /* Pods */,
				F1E1B04C989EBB851B359BB5 /* Frameworks */,
			);
			sourceTree = "<group>";
		};
		C18598792006FF1C00A4AA63 /* Products */ = {
			isa = PBXGroup;
			children = (
				C18598782006FF1C00A4AA63 /* AJPlusOCR.app */,
				C185988C2006FF1C00A4AA63 /* AJPlusOCRTests.xctest */,
				C18598972006FF1C00A4AA63 /* AJPlusOCRUITests.xctest */,
			);
			name = Products;
			sourceTree = "<group>";
		};
		C185987A2006FF1C00A4AA63 /* AJPlusOCR */ = {
			isa = PBXGroup;
			children = (
				C185987B2006FF1C00A4AA63 /* AppDelegate.swift */,
				C1AA019220087E8600039585 /* Modules */,
				C1AA019120087DB100039585 /* BaseClass */,
				C1AA019320087E9B00039585 /* Model */,
				C1AA019720087F0600039585 /* Category */,
				C1AA019620087EEF00039585 /* Common */,
				C1AA019520087ECB00039585 /* Constants */,
				C1AA019420087EB300039585 /* Libs */,
				C18598822006FF1C00A4AA63 /* Assets.xcassets */,
				C18598842006FF1C00A4AA63 /* LaunchScreen.storyboard */,
				C18598872006FF1C00A4AA63 /* Info.plist */,
			);
			path = AJPlusOCR;
			sourceTree = "<group>";
		};
		C185988F2006FF1C00A4AA63 /* AJPlusOCRTests */ = {
			isa = PBXGroup;
			children = (
				C18598902006FF1C00A4AA63 /* AJPlusOCRTests.swift */,
				C18598922006FF1C00A4AA63 /* Info.plist */,
			);
			path = AJPlusOCRTests;
			sourceTree = "<group>";
		};
		C185989A2006FF1C00A4AA63 /* AJPlusOCRUITests */ = {
			isa = PBXGroup;
			children = (
				C185989B2006FF1C00A4AA63 /* AJPlusOCRUITests.swift */,
				C185989D2006FF1C00A4AA63 /* Info.plist */,
			);
			path = AJPlusOCRUITests;
			sourceTree = "<group>";
		};
		C1AA019120087DB100039585 /* BaseClass */ = {
			isa = PBXGroup;
			children = (
				C1AA019820087F4500039585 /* BaseViewController.swift */,
				C1AA019A20087F6000039585 /* BaseView.swift */,
			);
			path = BaseClass;
			sourceTree = "<group>";
		};
		C1AA019220087E8600039585 /* Modules */ = {
			isa = PBXGroup;
			children = (
				C1AA019D2008804600039585 /* Home */,
				C1AA019C2008804600039585 /* Login */,
				C1AA019E2008804600039585 /* PersonCenter */,
			);
			path = Modules;
			sourceTree = "<group>";
		};
		C1AA019320087E9B00039585 /* Model */ = {
			isa = PBXGroup;
			children = (
			);
			path = Model;
			sourceTree = "<group>";
		};
		C1AA019420087EB300039585 /* Libs */ = {
			isa = PBXGroup;
			children = (
			);
			path = Libs;
			sourceTree = "<group>";
		};
		C1AA019520087ECB00039585 /* Constants */ = {
			isa = PBXGroup;
			children = (
			);
			path = Constants;
			sourceTree = "<group>";
		};
		C1AA019620087EEF00039585 /* Common */ = {
			isa = PBXGroup;
			children = (
			);
			path = Common;
			sourceTree = "<group>";
		};
		C1AA019720087F0600039585 /* Category */ = {
			isa = PBXGroup;
			children = (
			);
			path = Category;
			sourceTree = "<group>";
		};
		C1AA019C2008804600039585 /* Login */ = {
			isa = PBXGroup;
			children = (
				C1AA019F20089FF800039585 /* LoginViewController.swift */,
			);
			path = Login;
			sourceTree = "<group>";
		};
		C1AA019D2008804600039585 /* Home */ = {
			isa = PBXGroup;
			children = (
			);
			path = Home;
			sourceTree = "<group>";
		};
		C1AA019E2008804600039585 /* PersonCenter */ = {
			isa = PBXGroup;
			children = (
			);
			path = PersonCenter;
			sourceTree = "<group>";
		};
		F1E1B04C989EBB851B359BB5 /* Frameworks */ = {
			isa = PBXGroup;
			children = (
				9079C648A77E6FD66E014999 /* Pods_AJPlusOCR.framework */,
				4E7163055B124F1545DC9718 /* Pods_AJPlusOCRTests.framework */,
				26B3806A977533C34502E785 /* Pods_AJPlusOCRUITests.framework */,
			);
			name = Frameworks;
			sourceTree = "<group>";
		};
/* End PBXGroup section */

/* Begin PBXNativeTarget section */
		C18598772006FF1C00A4AA63 /* AJPlusOCR */ = {
			isa = PBXNativeTarget;
			buildConfigurationList = C18598A02006FF1C00A4AA63 /* Build configuration list for PBXNativeTarget "AJPlusOCR" */;
			buildPhases = (
				B6FA109BE2CA3487F008004A /* [CP] Check Pods Manifest.lock */,
				C18598742006FF1C00A4AA63 /* Sources */,
				C18598752006FF1C00A4AA63 /* Frameworks */,
				C18598762006FF1C00A4AA63 /* Resources */,
				E1E8A1CD713EE6F00BB204AA /* [CP] Embed Pods Frameworks */,
				CE723670C514C06C8DD30142 /* [CP] Copy Pods Resources */,
			);
			buildRules = (
			);
			dependencies = (
			);
			name = AJPlusOCR;
			productName = AJPlusOCR;
			productReference = C18598782006FF1C00A4AA63 /* AJPlusOCR.app */;
			productType = "com.apple.product-type.application";
		};
		C185988B2006FF1C00A4AA63 /* AJPlusOCRTests */ = {
			isa = PBXNativeTarget;
			buildConfigurationList = C18598A32006FF1C00A4AA63 /* Build configuration list for PBXNativeTarget "AJPlusOCRTests" */;
			buildPhases = (
				7FCFF4EFC3BA582D4DA311F8 /* [CP] Check Pods Manifest.lock */,
				C18598882006FF1C00A4AA63 /* Sources */,
				C18598892006FF1C00A4AA63 /* Frameworks */,
				C185988A2006FF1C00A4AA63 /* Resources */,
				404C81EF3CCE8D30E9678689 /* [CP] Embed Pods Frameworks */,
				5F49857DDC17FC5416DE34C9 /* [CP] Copy Pods Resources */,
			);
			buildRules = (
			);
			dependencies = (
				C185988E2006FF1C00A4AA63 /* PBXTargetDependency */,
			);
			name = AJPlusOCRTests;
			productName = AJPlusOCRTests;
			productReference = C185988C2006FF1C00A4AA63 /* AJPlusOCRTests.xctest */;
			productType = "com.apple.product-type.bundle.unit-test";
		};
		C18598962006FF1C00A4AA63 /* AJPlusOCRUITests */ = {
			isa = PBXNativeTarget;
			buildConfigurationList = C18598A62006FF1C00A4AA63 /* Build configuration list for PBXNativeTarget "AJPlusOCRUITests" */;
			buildPhases = (
				472548D1A85B96DBCAB81826 /* [CP] Check Pods Manifest.lock */,
				C18598932006FF1C00A4AA63 /* Sources */,
				C18598942006FF1C00A4AA63 /* Frameworks */,
				C18598952006FF1C00A4AA63 /* Resources */,
				5705065D7BE6388779D150A0 /* [CP] Embed Pods Frameworks */,
				671A31AFFA8A77880BE80DC9 /* [CP] Copy Pods Resources */,
			);
			buildRules = (
			);
			dependencies = (
				C18598992006FF1C00A4AA63 /* PBXTargetDependency */,
			);
			name = AJPlusOCRUITests;
			productName = AJPlusOCRUITests;
			productReference = C18598972006FF1C00A4AA63 /* AJPlusOCRUITests.xctest */;
			productType = "com.apple.product-type.bundle.ui-testing";
		};
/* End PBXNativeTarget section */

/* Begin PBXProject section */
		C18598702006FF1C00A4AA63 /* Project object */ = {
			isa = PBXProject;
			attributes = {
				LastSwiftUpdateCheck = 0920;
				LastUpgradeCheck = 0920;
				ORGANIZATIONNAME = Black;
				TargetAttributes = {
					C18598772006FF1C00A4AA63 = {
						CreatedOnToolsVersion = 9.2;
						ProvisioningStyle = Automatic;
					};
					C185988B2006FF1C00A4AA63 = {
						CreatedOnToolsVersion = 9.2;
						ProvisioningStyle = Automatic;
						TestTargetID = C18598772006FF1C00A4AA63;
					};
					C18598962006FF1C00A4AA63 = {
						CreatedOnToolsVersion = 9.2;
						ProvisioningStyle = Automatic;
						TestTargetID = C18598772006FF1C00A4AA63;
					};
				};
			};
			buildConfigurationList = C18598732006FF1C00A4AA63 /* Build configuration list for PBXProject "AJPlusOCR" */;
			compatibilityVersion = "Xcode 8.0";
			developmentRegion = en;
			hasScannedForEncodings = 0;
			knownRegions = (
				en,
				Base,
			);
			mainGroup = C185986F2006FF1C00A4AA63;
			productRefGroup = C18598792006FF1C00A4AA63 /* Products */;
			projectDirPath = "";
			projectRoot = "";
			targets = (
				C18598772006FF1C00A4AA63 /* AJPlusOCR */,
				C185988B2006FF1C00A4AA63 /* AJPlusOCRTests */,
				C18598962006FF1C00A4AA63 /* AJPlusOCRUITests */,
			);
		};
/* End PBXProject section */

/* Begin PBXResourcesBuildPhase section */
		C18598762006FF1C00A4AA63 /* Resources */ = {
			isa = PBXResourcesBuildPhase;
			buildActionMask = 2147483647;
			files = (
				C18598862006FF1C00A4AA63 /* LaunchScreen.storyboard in Resources */,
				C18598832006FF1C00A4AA63 /* Assets.xcassets in Resources */,
			);
			runOnlyForDeploymentPostprocessing = 0;
		};
		C185988A2006FF1C00A4AA63 /* Resources */ = {
			isa = PBXResourcesBuildPhase;
			buildActionMask = 2147483647;
			files = (
			);
			runOnlyForDeploymentPostprocessing = 0;
		};
		C18598952006FF1C00A4AA63 /* Resources */ = {
			isa = PBXResourcesBuildPhase;
			buildActionMask = 2147483647;
			files = (
			);
			runOnlyForDeploymentPostprocessing = 0;
		};
/* End PBXResourcesBuildPhase section */

/* Begin PBXShellScriptBuildPhase section */
		404C81EF3CCE8D30E9678689 /* [CP] Embed Pods Frameworks */ = {
			isa = PBXShellScriptBuildPhase;
			buildActionMask = 2147483647;
			files = (
			);
			inputPaths = (
			);
			name = "[CP] Embed Pods Frameworks";
			outputPaths = (
			);
			runOnlyForDeploymentPostprocessing = 0;
			shellPath = /bin/sh;
			shellScript = "\"${SRCROOT}/Pods/Target Support Files/Pods-AJPlusOCRTests/Pods-AJPlusOCRTests-frameworks.sh\"\n";
			showEnvVarsInLog = 0;
		};
		472548D1A85B96DBCAB81826 /* [CP] Check Pods Manifest.lock */ = {
			isa = PBXShellScriptBuildPhase;
			buildActionMask = 2147483647;
			files = (
			);
			inputPaths = (
				"${PODS_PODFILE_DIR_PATH}/Podfile.lock",
				"${PODS_ROOT}/Manifest.lock",
			);
			name = "[CP] Check Pods Manifest.lock";
			outputPaths = (
				"$(DERIVED_FILE_DIR)/Pods-AJPlusOCRUITests-checkManifestLockResult.txt",
			);
			runOnlyForDeploymentPostprocessing = 0;
			shellPath = /bin/sh;
			shellScript = "diff \"${PODS_PODFILE_DIR_PATH}/Podfile.lock\" \"${PODS_ROOT}/Manifest.lock\" > /dev/null\nif [ $? != 0 ] ; then\n    # print error to STDERR\n    echo \"error: The sandbox is not in sync with the Podfile.lock. Run 'pod install' or update your CocoaPods installation.\" >&2\n    exit 1\nfi\n# This output is used by Xcode 'outputs' to avoid re-running this script phase.\necho \"SUCCESS\" > \"${SCRIPT_OUTPUT_FILE_0}\"\n";
			showEnvVarsInLog = 0;
		};
		5705065D7BE6388779D150A0 /* [CP] Embed Pods Frameworks */ = {
			isa = PBXShellScriptBuildPhase;
			buildActionMask = 2147483647;
			files = (
			);
			inputPaths = (
			);
			name = "[CP] Embed Pods Frameworks";
			outputPaths = (
			);
			runOnlyForDeploymentPostprocessing = 0;
			shellPath = /bin/sh;
			shellScript = "\"${SRCROOT}/Pods/Target Support Files/Pods-AJPlusOCRUITests/Pods-AJPlusOCRUITests-frameworks.sh\"\n";
			showEnvVarsInLog = 0;
		};
		5F49857DDC17FC5416DE34C9 /* [CP] Copy Pods Resources */ = {
			isa = PBXShellScriptBuildPhase;
			buildActionMask = 2147483647;
			files = (
			);
			inputPaths = (
			);
			name = "[CP] Copy Pods Resources";
			outputPaths = (
			);
			runOnlyForDeploymentPostprocessing = 0;
			shellPath = /bin/sh;
			shellScript = "\"${SRCROOT}/Pods/Target Support Files/Pods-AJPlusOCRTests/Pods-AJPlusOCRTests-resources.sh\"\n";
			showEnvVarsInLog = 0;
		};
		671A31AFFA8A77880BE80DC9 /* [CP] Copy Pods Resources */ = {
			isa = PBXShellScriptBuildPhase;
			buildActionMask = 2147483647;
			files = (
			);
			inputPaths = (
			);
			name = "[CP] Copy Pods Resources";
			outputPaths = (
			);
			runOnlyForDeploymentPostprocessing = 0;
			shellPath = /bin/sh;
			shellScript = "\"${SRCROOT}/Pods/Target Support Files/Pods-AJPlusOCRUITests/Pods-AJPlusOCRUITests-resources.sh\"\n";
			showEnvVarsInLog = 0;
		};
		7FCFF4EFC3BA582D4DA311F8 /* [CP] Check Pods Manifest.lock */ = {
			isa = PBXShellScriptBuildPhase;
			buildActionMask = 2147483647;
			files = (
			);
			inputPaths = (
				"${PODS_PODFILE_DIR_PATH}/Podfile.lock",
				"${PODS_ROOT}/Manifest.lock",
			);
			name = "[CP] Check Pods Manifest.lock";
			outputPaths = (
				"$(DERIVED_FILE_DIR)/Pods-AJPlusOCRTests-checkManifestLockResult.txt",
			);
			runOnlyForDeploymentPostprocessing = 0;
			shellPath = /bin/sh;
			shellScript = "diff \"${PODS_PODFILE_DIR_PATH}/Podfile.lock\" \"${PODS_ROOT}/Manifest.lock\" > /dev/null\nif [ $? != 0 ] ; then\n    # print error to STDERR\n    echo \"error: The sandbox is not in sync with the Podfile.lock. Run 'pod install' or update your CocoaPods installation.\" >&2\n    exit 1\nfi\n# This output is used by Xcode 'outputs' to avoid re-running this script phase.\necho \"SUCCESS\" > \"${SCRIPT_OUTPUT_FILE_0}\"\n";
			showEnvVarsInLog = 0;
		};
		B6FA109BE2CA3487F008004A /* [CP] Check Pods Manifest.lock */ = {
			isa = PBXShellScriptBuildPhase;
			buildActionMask = 2147483647;
			files = (
			);
			inputPaths = (
				"${PODS_PODFILE_DIR_PATH}/Podfile.lock",
				"${PODS_ROOT}/Manifest.lock",
			);
			name = "[CP] Check Pods Manifest.lock";
			outputPaths = (
				"$(DERIVED_FILE_DIR)/Pods-AJPlusOCR-checkManifestLockResult.txt",
			);
			runOnlyForDeploymentPostprocessing = 0;
			shellPath = /bin/sh;
			shellScript = "diff \"${PODS_PODFILE_DIR_PATH}/Podfile.lock\" \"${PODS_ROOT}/Manifest.lock\" > /dev/null\nif [ $? != 0 ] ; then\n    # print error to STDERR\n    echo \"error: The sandbox is not in sync with the Podfile.lock. Run 'pod install' or update your CocoaPods installation.\" >&2\n    exit 1\nfi\n# This output is used by Xcode 'outputs' to avoid re-running this script phase.\necho \"SUCCESS\" > \"${SCRIPT_OUTPUT_FILE_0}\"\n";
			showEnvVarsInLog = 0;
		};
		CE723670C514C06C8DD30142 /* [CP] Copy Pods Resources */ = {
			isa = PBXShellScriptBuildPhase;
			buildActionMask = 2147483647;
			files = (
			);
			inputPaths = (
			);
			name = "[CP] Copy Pods Resources";
			outputPaths = (
			);
			runOnlyForDeploymentPostprocessing = 0;
			shellPath = /bin/sh;
			shellScript = "\"${SRCROOT}/Pods/Target Support Files/Pods-AJPlusOCR/Pods-AJPlusOCR-resources.sh\"\n";
			showEnvVarsInLog = 0;
		};
		E1E8A1CD713EE6F00BB204AA /* [CP] Embed Pods Frameworks */ = {
			isa = PBXShellScriptBuildPhase;
			buildActionMask = 2147483647;
			files = (
			);
			inputPaths = (
				"${SRCROOT}/Pods/Target Support Files/Pods-AJPlusOCR/Pods-AJPlusOCR-frameworks.sh",
				"${BUILT_PRODUCTS_DIR}/Alamofire/Alamofire.framework",
				"${BUILT_PRODUCTS_DIR}/HandyJSON/HandyJSON.framework",
				"${BUILT_PRODUCTS_DIR}/IQKeyboardManagerSwift/IQKeyboardManagerSwift.framework",
				"${BUILT_PRODUCTS_DIR}/Kingfisher/Kingfisher.framework",
				"${BUILT_PRODUCTS_DIR}/SnapKit/SnapKit.framework",
				"${BUILT_PRODUCTS_DIR}/SwiftyJSON/SwiftyJSON.framework",
			);
			name = "[CP] Embed Pods Frameworks";
			outputPaths = (
				"${TARGET_BUILD_DIR}/${FRAMEWORKS_FOLDER_PATH}/Alamofire.framework",
				"${TARGET_BUILD_DIR}/${FRAMEWORKS_FOLDER_PATH}/HandyJSON.framework",
				"${TARGET_BUILD_DIR}/${FRAMEWORKS_FOLDER_PATH}/IQKeyboardManagerSwift.framework",
				"${TARGET_BUILD_DIR}/${FRAMEWORKS_FOLDER_PATH}/Kingfisher.framework",
				"${TARGET_BUILD_DIR}/${FRAMEWORKS_FOLDER_PATH}/SnapKit.framework",
				"${TARGET_BUILD_DIR}/${FRAMEWORKS_FOLDER_PATH}/SwiftyJSON.framework",
			);
			runOnlyForDeploymentPostprocessing = 0;
			shellPath = /bin/sh;
			shellScript = "\"${SRCROOT}/Pods/Target Support Files/Pods-AJPlusOCR/Pods-AJPlusOCR-frameworks.sh\"\n";
			showEnvVarsInLog = 0;
		};
/* End PBXShellScriptBuildPhase section */

/* Begin PBXSourcesBuildPhase section */
		C18598742006FF1C00A4AA63 /* Sources */ = {
			isa = PBXSourcesBuildPhase;
			buildActionMask = 2147483647;
			files = (
				C1AA01A020089FF800039585 /* LoginViewController.swift in Sources */,
				C1AA019B20087F6000039585 /* BaseView.swift in Sources */,
				C185987C2006FF1C00A4AA63 /* AppDelegate.swift in Sources */,
				C1AA019920087F4500039585 /* BaseViewController.swift in Sources */,
			);
			runOnlyForDeploymentPostprocessing = 0;
		};
		C18598882006FF1C00A4AA63 /* Sources */ = {
			isa = PBXSourcesBuildPhase;
			buildActionMask = 2147483647;
			files = (
				C18598912006FF1C00A4AA63 /* AJPlusOCRTests.swift in Sources */,
			);
			runOnlyForDeploymentPostprocessing = 0;
		};
		C18598932006FF1C00A4AA63 /* Sources */ = {
			isa = PBXSourcesBuildPhase;
			buildActionMask = 2147483647;
			files = (
				C185989C2006FF1C00A4AA63 /* AJPlusOCRUITests.swift in Sources */,
			);
			runOnlyForDeploymentPostprocessing = 0;
		};
/* End PBXSourcesBuildPhase section */

/* Begin PBXTargetDependency section */
		C185988E2006FF1C00A4AA63 /* PBXTargetDependency */ = {
			isa = PBXTargetDependency;
			target = C18598772006FF1C00A4AA63 /* AJPlusOCR */;
			targetProxy = C185988D2006FF1C00A4AA63 /* PBXContainerItemProxy */;
		};
		C18598992006FF1C00A4AA63 /* PBXTargetDependency */ = {
			isa = PBXTargetDependency;
			target = C18598772006FF1C00A4AA63 /* AJPlusOCR */;
			targetProxy = C18598982006FF1C00A4AA63 /* PBXContainerItemProxy */;
		};
/* End PBXTargetDependency section */

/* Begin PBXVariantGroup section */
		C18598842006FF1C00A4AA63 /* LaunchScreen.storyboard */ = {
			isa = PBXVariantGroup;
			children = (
				C18598852006FF1C00A4AA63 /* Base */,
			);
			name = LaunchScreen.storyboard;
			sourceTree = "<group>";
		};
/* End PBXVariantGroup section */

/* Begin XCBuildConfiguration section */
		C185989E2006FF1C00A4AA63 /* Debug */ = {
			isa = XCBuildConfiguration;
			buildSettings = {
				ALWAYS_SEARCH_USER_PATHS = NO;
				CLANG_ANALYZER_NONNULL = YES;
				CLANG_ANALYZER_NUMBER_OBJECT_CONVERSION = YES_AGGRESSIVE;
				CLANG_CXX_LANGUAGE_STANDARD = "gnu++14";
				CLANG_CXX_LIBRARY = "libc++";
				CLANG_ENABLE_MODULES = YES;
				CLANG_ENABLE_OBJC_ARC = YES;
				CLANG_WARN_BLOCK_CAPTURE_AUTORELEASING = YES;
				CLANG_WARN_BOOL_CONVERSION = YES;
				CLANG_WARN_COMMA = YES;
				CLANG_WARN_CONSTANT_CONVERSION = YES;
				CLANG_WARN_DIRECT_OBJC_ISA_USAGE = YES_ERROR;
				CLANG_WARN_DOCUMENTATION_COMMENTS = YES;
				CLANG_WARN_EMPTY_BODY = YES;
				CLANG_WARN_ENUM_CONVERSION = YES;
				CLANG_WARN_INFINITE_RECURSION = YES;
				CLANG_WARN_INT_CONVERSION = YES;
				CLANG_WARN_NON_LITERAL_NULL_CONVERSION = YES;
				CLANG_WARN_OBJC_LITERAL_CONVERSION = YES;
				CLANG_WARN_OBJC_ROOT_CLASS = YES_ERROR;
				CLANG_WARN_RANGE_LOOP_ANALYSIS = YES;
				CLANG_WARN_STRICT_PROTOTYPES = YES;
				CLANG_WARN_SUSPICIOUS_MOVE = YES;
				CLANG_WARN_UNGUARDED_AVAILABILITY = YES_AGGRESSIVE;
				CLANG_WARN_UNREACHABLE_CODE = YES;
				CLANG_WARN__DUPLICATE_METHOD_MATCH = YES;
				CODE_SIGN_IDENTITY = "iPhone Developer";
				COPY_PHASE_STRIP = NO;
				DEBUG_INFORMATION_FORMAT = dwarf;
				ENABLE_STRICT_OBJC_MSGSEND = YES;
				ENABLE_TESTABILITY = YES;
				GCC_C_LANGUAGE_STANDARD = gnu11;
				GCC_DYNAMIC_NO_PIC = NO;
				GCC_NO_COMMON_BLOCKS = YES;
				GCC_OPTIMIZATION_LEVEL = 0;
				GCC_PREPROCESSOR_DEFINITIONS = (
					"DEBUG=1",
					"$(inherited)",
				);
				GCC_WARN_64_TO_32_BIT_CONVERSION = YES;
				GCC_WARN_ABOUT_RETURN_TYPE = YES_ERROR;
				GCC_WARN_UNDECLARED_SELECTOR = YES;
				GCC_WARN_UNINITIALIZED_AUTOS = YES_AGGRESSIVE;
				GCC_WARN_UNUSED_FUNCTION = YES;
				GCC_WARN_UNUSED_VARIABLE = YES;
				IPHONEOS_DEPLOYMENT_TARGET = 11.2;
				MTL_ENABLE_DEBUG_INFO = YES;
				ONLY_ACTIVE_ARCH = YES;
				SDKROOT = iphoneos;
				SWIFT_ACTIVE_COMPILATION_CONDITIONS = DEBUG;
				SWIFT_OPTIMIZATION_LEVEL = "-Onone";
			};
			name = Debug;
		};
		C185989F2006FF1C00A4AA63 /* Release */ = {
			isa = XCBuildConfiguration;
			buildSettings = {
				ALWAYS_SEARCH_USER_PATHS = NO;
				CLANG_ANALYZER_NONNULL = YES;
				CLANG_ANALYZER_NUMBER_OBJECT_CONVERSION = YES_AGGRESSIVE;
				CLANG_CXX_LANGUAGE_STANDARD = "gnu++14";
				CLANG_CXX_LIBRARY = "libc++";
				CLANG_ENABLE_MODULES = YES;
				CLANG_ENABLE_OBJC_ARC = YES;
				CLANG_WARN_BLOCK_CAPTURE_AUTORELEASING = YES;
				CLANG_WARN_BOOL_CONVERSION = YES;
				CLANG_WARN_COMMA = YES;
				CLANG_WARN_CONSTANT_CONVERSION = YES;
				CLANG_WARN_DIRECT_OBJC_ISA_USAGE = YES_ERROR;
				CLANG_WARN_DOCUMENTATION_COMMENTS = YES;
				CLANG_WARN_EMPTY_BODY = YES;
				CLANG_WARN_ENUM_CONVERSION = YES;
				CLANG_WARN_INFINITE_RECURSION = YES;
				CLANG_WARN_INT_CONVERSION = YES;
				CLANG_WARN_NON_LITERAL_NULL_CONVERSION = YES;
				CLANG_WARN_OBJC_LITERAL_CONVERSION = YES;
				CLANG_WARN_OBJC_ROOT_CLASS = YES_ERROR;
				CLANG_WARN_RANGE_LOOP_ANALYSIS = YES;
				CLANG_WARN_STRICT_PROTOTYPES = YES;
				CLANG_WARN_SUSPICIOUS_MOVE = YES;
				CLANG_WARN_UNGUARDED_AVAILABILITY = YES_AGGRESSIVE;
				CLANG_WARN_UNREACHABLE_CODE = YES;
				CLANG_WARN__DUPLICATE_METHOD_MATCH = YES;
				CODE_SIGN_IDENTITY = "iPhone Developer";
				COPY_PHASE_STRIP = NO;
				DEBUG_INFORMATION_FORMAT = "dwarf-with-dsym";
				ENABLE_NS_ASSERTIONS = NO;
				ENABLE_STRICT_OBJC_MSGSEND = YES;
				GCC_C_LANGUAGE_STANDARD = gnu11;
				GCC_NO_COMMON_BLOCKS = YES;
				GCC_WARN_64_TO_32_BIT_CONVERSION = YES;
				GCC_WARN_ABOUT_RETURN_TYPE = YES_ERROR;
				GCC_WARN_UNDECLARED_SELECTOR = YES;
				GCC_WARN_UNINITIALIZED_AUTOS = YES_AGGRESSIVE;
				GCC_WARN_UNUSED_FUNCTION = YES;
				GCC_WARN_UNUSED_VARIABLE = YES;
				IPHONEOS_DEPLOYMENT_TARGET = 11.2;
				MTL_ENABLE_DEBUG_INFO = NO;
				SDKROOT = iphoneos;
				SWIFT_OPTIMIZATION_LEVEL = "-Owholemodule";
				VALIDATE_PRODUCT = YES;
			};
			name = Release;
		};
		C18598A12006FF1C00A4AA63 /* Debug */ = {
			isa = XCBuildConfiguration;
			baseConfigurationReference = 8F095C68C9972401AB41612F /* Pods-AJPlusOCR.debug.xcconfig */;
			buildSettings = {
				ASSETCATALOG_COMPILER_APPICON_NAME = AppIcon;
				CODE_SIGN_STYLE = Automatic;
				DEVELOPMENT_TEAM = 4A44TJ86VM;
				INFOPLIST_FILE = AJPlusOCR/Info.plist;
				IPHONEOS_DEPLOYMENT_TARGET = 9.0;
				LD_RUNPATH_SEARCH_PATHS = "$(inherited) @executable_path/Frameworks";
				PRODUCT_BUNDLE_IDENTIFIER = com.anji.plus.AJPlusOCR;
				PRODUCT_NAME = "$(TARGET_NAME)";
				SWIFT_VERSION = 4.0;
				TARGETED_DEVICE_FAMILY = 1;
			};
			name = Debug;
		};
		C18598A22006FF1C00A4AA63 /* Release */ = {
			isa = XCBuildConfiguration;
			baseConfigurationReference = 201E4308A20B583E58BBE2A8 /* Pods-AJPlusOCR.release.xcconfig */;
			buildSettings = {
				ASSETCATALOG_COMPILER_APPICON_NAME = AppIcon;
				CODE_SIGN_STYLE = Automatic;
				DEVELOPMENT_TEAM = 4A44TJ86VM;
				INFOPLIST_FILE = AJPlusOCR/Info.plist;
				IPHONEOS_DEPLOYMENT_TARGET = 9.0;
				LD_RUNPATH_SEARCH_PATHS = "$(inherited) @executable_path/Frameworks";
				PRODUCT_BUNDLE_IDENTIFIER = com.anji.plus.AJPlusOCR;
				PRODUCT_NAME = "$(TARGET_NAME)";
				SWIFT_VERSION = 4.0;
				TARGETED_DEVICE_FAMILY = 1;
			};
			name = Release;
		};
		C18598A42006FF1C00A4AA63 /* Debug */ = {
			isa = XCBuildConfiguration;
			baseConfigurationReference = A0E93FD6915A6364F9077083 /* Pods-AJPlusOCRTests.debug.xcconfig */;
			buildSettings = {
				ALWAYS_EMBED_SWIFT_STANDARD_LIBRARIES = YES;
				BUNDLE_LOADER = "$(TEST_HOST)";
				CODE_SIGN_STYLE = Automatic;
				DEVELOPMENT_TEAM = 4A44TJ86VM;
				INFOPLIST_FILE = AJPlusOCRTests/Info.plist;
				LD_RUNPATH_SEARCH_PATHS = "$(inherited) @executable_path/Frameworks @loader_path/Frameworks";
				PRODUCT_BUNDLE_IDENTIFIER = "anji-plus.AJPlusOCRTests";
				PRODUCT_NAME = "$(TARGET_NAME)";
				SWIFT_VERSION = 4.0;
				TARGETED_DEVICE_FAMILY = "1,2";
				TEST_HOST = "$(BUILT_PRODUCTS_DIR)/AJPlusOCR.app/AJPlusOCR";
			};
			name = Debug;
		};
		C18598A52006FF1C00A4AA63 /* Release */ = {
			isa = XCBuildConfiguration;
			baseConfigurationReference = A14D6D68D2A04E683B4A396E /* Pods-AJPlusOCRTests.release.xcconfig */;
			buildSettings = {
				ALWAYS_EMBED_SWIFT_STANDARD_LIBRARIES = YES;
				BUNDLE_LOADER = "$(TEST_HOST)";
				CODE_SIGN_STYLE = Automatic;
				DEVELOPMENT_TEAM = 4A44TJ86VM;
				INFOPLIST_FILE = AJPlusOCRTests/Info.plist;
				LD_RUNPATH_SEARCH_PATHS = "$(inherited) @executable_path/Frameworks @loader_path/Frameworks";
				PRODUCT_BUNDLE_IDENTIFIER = "anji-plus.AJPlusOCRTests";
				PRODUCT_NAME = "$(TARGET_NAME)";
				SWIFT_VERSION = 4.0;
				TARGETED_DEVICE_FAMILY = "1,2";
				TEST_HOST = "$(BUILT_PRODUCTS_DIR)/AJPlusOCR.app/AJPlusOCR";
			};
			name = Release;
		};
		C18598A72006FF1C00A4AA63 /* Debug */ = {
			isa = XCBuildConfiguration;
			baseConfigurationReference = FF1CC8C48AD017162DDA21C7 /* Pods-AJPlusOCRUITests.debug.xcconfig */;
			buildSettings = {
				ALWAYS_EMBED_SWIFT_STANDARD_LIBRARIES = YES;
				CODE_SIGN_STYLE = Automatic;
				DEVELOPMENT_TEAM = 4A44TJ86VM;
				INFOPLIST_FILE = AJPlusOCRUITests/Info.plist;
				LD_RUNPATH_SEARCH_PATHS = "$(inherited) @executable_path/Frameworks @loader_path/Frameworks";
				PRODUCT_BUNDLE_IDENTIFIER = "anji-plus.AJPlusOCRUITests";
				PRODUCT_NAME = "$(TARGET_NAME)";
				SWIFT_VERSION = 4.0;
				TARGETED_DEVICE_FAMILY = "1,2";
				TEST_TARGET_NAME = AJPlusOCR;
			};
			name = Debug;
		};
		C18598A82006FF1C00A4AA63 /* Release */ = {
			isa = XCBuildConfiguration;
			baseConfigurationReference = E9C5382FD6130C4ECACD11EA /* Pods-AJPlusOCRUITests.release.xcconfig */;
			buildSettings = {
				ALWAYS_EMBED_SWIFT_STANDARD_LIBRARIES = YES;
				CODE_SIGN_STYLE = Automatic;
				DEVELOPMENT_TEAM = 4A44TJ86VM;
				INFOPLIST_FILE = AJPlusOCRUITests/Info.plist;
				LD_RUNPATH_SEARCH_PATHS = "$(inherited) @executable_path/Frameworks @loader_path/Frameworks";
				PRODUCT_BUNDLE_IDENTIFIER = "anji-plus.AJPlusOCRUITests";
				PRODUCT_NAME = "$(TARGET_NAME)";
				SWIFT_VERSION = 4.0;
				TARGETED_DEVICE_FAMILY = "1,2";
				TEST_TARGET_NAME = AJPlusOCR;
			};
			name = Release;
		};
/* End XCBuildConfiguration section */

/* Begin XCConfigurationList section */
		C18598732006FF1C00A4AA63 /* Build configuration list for PBXProject "AJPlusOCR" */ = {
			isa = XCConfigurationList;
			buildConfigurations = (
				C185989E2006FF1C00A4AA63 /* Debug */,
				C185989F2006FF1C00A4AA63 /* Release */,
			);
			defaultConfigurationIsVisible = 0;
			defaultConfigurationName = Release;
		};
		C18598A02006FF1C00A4AA63 /* Build configuration list for PBXNativeTarget "AJPlusOCR" */ = {
			isa = XCConfigurationList;
			buildConfigurations = (
				C18598A12006FF1C00A4AA63 /* Debug */,
				C18598A22006FF1C00A4AA63 /* Release */,
			);
			defaultConfigurationIsVisible = 0;
			defaultConfigurationName = Release;
		};
		C18598A32006FF1C00A4AA63 /* Build configuration list for PBXNativeTarget "AJPlusOCRTests" */ = {
			isa = XCConfigurationList;
			buildConfigurations = (
				C18598A42006FF1C00A4AA63 /* Debug */,
				C18598A52006FF1C00A4AA63 /* Release */,
			);
			defaultConfigurationIsVisible = 0;
			defaultConfigurationName = Release;
		};
		C18598A62006FF1C00A4AA63 /* Build configuration list for PBXNativeTarget "AJPlusOCRUITests" */ = {
			isa = XCConfigurationList;
			buildConfigurations = (
				C18598A72006FF1C00A4AA63 /* Debug */,
				C18598A82006FF1C00A4AA63 /* Release */,
			);
			defaultConfigurationIsVisible = 0;
			defaultConfigurationName = Release;
		};
/* End XCConfigurationList section */
	};
	rootObject = C18598702006FF1C00A4AA63 /* Project object */;
}
